
Microsoft Visual Studio Solution File, Format Version 12.00
# Visual Studio Version 17
VisualStudioVersion = 17.4.33103.184
MinimumVisualStudioVersion = 10.0.40219.1
Project("{FAE04EC0-301F-11D3-BF4B-00C04F79EFBC}") = "usingLinq", "usingLinq\usingLinq.csproj", "{5DD5C699-5AFF-49CA-93BF-BE6D9007B937}"
EndProject
Global
	GlobalSection(SolutionConfigurationPlatforms) = preSolution
		Debug|Any CPU = Debug|Any CPU
		Release|Any CPU = Release|Any CPU
	EndGlobalSection
	GlobalSection(ProjectConfigurationPlatforms) = postSolution
		{5DD5C699-5AFF-49CA-93BF-BE6D9007B937}.Debug|Any CPU.ActiveCfg = Debug|Any CPU
		{5DD5C699-5AFF-49CA-93BF-BE6D9007B937}.Debug|Any CPU.Build.0 = Debug|Any CPU
		{5DD5C699-5AFF-49CA-93BF-BE6D9007B937}.Release|Any CPU.ActiveCfg = Release|Any CPU
		{5DD5C699-5AFF-49CA-93BF-BE6D9007B937}.Release|Any CPU.Build.0 = Release|Any CPU
	EndGlobalSection
	GlobalSection(SolutionProperties) = preSolution
		HideSolutionNode = FALSE
	EndGlobalSection
	GlobalSection(ExtensibilityGlobals) = postSolution
		SolutionGuid = {8CDF1964-9FA3-41CA-A0DB-421C3241E46D}
	EndGlobalSection
EndGlobal
